
Microsoft Visual Studio Solution File, Format Version 12.00
# Visual Studio 2012
Project("{FAE04EC0-301F-11D3-BF4B-00C04F79EFBC}") = "Elm327.Driver", "Elm327.Driver\Elm327.Driver.csproj", "{8034DE94-462D-4FF6-818B-ACA2F475A42D}"
EndProject
Project("{FAE04EC0-301F-11D3-BF4B-00C04F79EFBC}") = "Elm327.Tester", "Elm327.Tester\Elm327.Tester.csproj", "{E94061B0-CDA3-4A28-A6C6-3EF055490CF3}"
EndProject
Project("{262852C6-CD72-467D-83FE-5EEB1973A190}") = "Strados", "Strados\Strados.jsproj", "{92CB9D5C-00B1-4188-9311-FB40B78FF08E}"
EndProject
Project("{FAE04EC0-301F-11D3-BF4B-00C04F79EFBC}") = "SocketClient", "SocketClient\SocketClient.csproj", "{11B39FD8-5038-4A3E-A47E-598EB0ED5B0E}"
EndProject
Project("{262852C6-CD72-467D-83FE-5EEB1973A190}") = "SocketClientRT", "SocketClientRT\SocketClientRT.jsproj", "{AA08EBE4-5B1D-416A-B01C-BE75B1ECD6F0}"
EndProject
Project("{FAE04EC0-301F-11D3-BF4B-00C04F79EFBC}") = "Elm327.UI", "Elm327.UI\Elm327.UI.csproj", "{5F3AEDB9-E7A0-42C5-AFB4-E88B6977B4C8}"
EndProject
Global
	GlobalSection(SolutionConfigurationPlatforms) = preSolution
		Debug|Any CPU = Debug|Any CPU
		Debug|ARM = Debug|ARM
		Debug|Mixed Platforms = Debug|Mixed Platforms
		Debug|x64 = Debug|x64
		Debug|x86 = Debug|x86
		DebugILMerge|Any CPU = DebugILMerge|Any CPU
		DebugILMerge|ARM = DebugILMerge|ARM
		DebugILMerge|Mixed Platforms = DebugILMerge|Mixed Platforms
		DebugILMerge|x64 = DebugILMerge|x64
		DebugILMerge|x86 = DebugILMerge|x86
		Release|Any CPU = Release|Any CPU
		Release|ARM = Release|ARM
		Release|Mixed Platforms = Release|Mixed Platforms
		Release|x64 = Release|x64
		Release|x86 = Release|x86
		ReleaseILMerge|Any CPU = ReleaseILMerge|Any CPU
		ReleaseILMerge|ARM = ReleaseILMerge|ARM
		ReleaseILMerge|Mixed Platforms = ReleaseILMerge|Mixed Platforms
		ReleaseILMerge|x64 = ReleaseILMerge|x64
		ReleaseILMerge|x86 = ReleaseILMerge|x86
	EndGlobalSection
	GlobalSection(ProjectConfigurationPlatforms) = postSolution
		{8034DE94-462D-4FF6-818B-ACA2F475A42D}.Debug|Any CPU.ActiveCfg = Debug|Any CPU
		{8034DE94-462D-4FF6-818B-ACA2F475A42D}.Debug|Any CPU.Build.0 = Debug|Any CPU
		{8034DE94-462D-4FF6-818B-ACA2F475A42D}.Debug|ARM.ActiveCfg = Debug|Any CPU
		{8034DE94-462D-4FF6-818B-ACA2F475A42D}.Debug|Mixed Platforms.ActiveCfg = Debug|Any CPU
		{8034DE94-462D-4FF6-818B-ACA2F475A42D}.Debug|Mixed Platforms.Build.0 = Debug|Any CPU
		{8034DE94-462D-4FF6-818B-ACA2F475A42D}.Debug|x64.ActiveCfg = Debug|Any CPU
		{8034DE94-462D-4FF6-818B-ACA2F475A42D}.Debug|x86.ActiveCfg = Debug|Any CPU
		{8034DE94-462D-4FF6-818B-ACA2F475A42D}.DebugILMerge|Any CPU.ActiveCfg = Debug|Any CPU
		{8034DE94-462D-4FF6-818B-ACA2F475A42D}.DebugILMerge|Any CPU.Build.0 = Debug|Any CPU
		{8034DE94-462D-4FF6-818B-ACA2F475A42D}.DebugILMerge|ARM.ActiveCfg = Debug|Any CPU
		{8034DE94-462D-4FF6-818B-ACA2F475A42D}.DebugILMerge|Mixed Platforms.ActiveCfg = Debug|Any CPU
		{8034DE94-462D-4FF6-818B-ACA2F475A42D}.DebugILMerge|Mixed Platforms.Build.0 = Debug|Any CPU
		{8034DE94-462D-4FF6-818B-ACA2F475A42D}.DebugILMerge|x64.ActiveCfg = Debug|Any CPU
		{8034DE94-462D-4FF6-818B-ACA2F475A42D}.DebugILMerge|x86.ActiveCfg = Debug|Any CPU
		{8034DE94-462D-4FF6-818B-ACA2F475A42D}.Release|Any CPU.ActiveCfg = Release|Any CPU
		{8034DE94-462D-4FF6-818B-ACA2F475A42D}.Release|Any CPU.Build.0 = Release|Any CPU
		{8034DE94-462D-4FF6-818B-ACA2F475A42D}.Release|ARM.ActiveCfg = Release|Any CPU
		{8034DE94-462D-4FF6-818B-ACA2F475A42D}.Release|Mixed Platforms.ActiveCfg = Release|Any CPU
		{8034DE94-462D-4FF6-818B-ACA2F475A42D}.Release|Mixed Platforms.Build.0 = Release|Any CPU
		{8034DE94-462D-4FF6-818B-ACA2F475A42D}.Release|x64.ActiveCfg = Release|Any CPU
		{8034DE94-462D-4FF6-818B-ACA2F475A42D}.Release|x86.ActiveCfg = Release|Any CPU
		{8034DE94-462D-4FF6-818B-ACA2F475A42D}.ReleaseILMerge|Any CPU.ActiveCfg = Release|Any CPU
		{8034DE94-462D-4FF6-818B-ACA2F475A42D}.ReleaseILMerge|Any CPU.Build.0 = Release|Any CPU
		{8034DE94-462D-4FF6-818B-ACA2F475A42D}.ReleaseILMerge|ARM.ActiveCfg = Release|Any CPU
		{8034DE94-462D-4FF6-818B-ACA2F475A42D}.ReleaseILMerge|Mixed Platforms.ActiveCfg = Release|Any CPU
		{8034DE94-462D-4FF6-818B-ACA2F475A42D}.ReleaseILMerge|Mixed Platforms.Build.0 = Release|Any CPU
		{8034DE94-462D-4FF6-818B-ACA2F475A42D}.ReleaseILMerge|x64.ActiveCfg = Release|Any CPU
		{8034DE94-462D-4FF6-818B-ACA2F475A42D}.ReleaseILMerge|x86.ActiveCfg = Release|Any CPU
		{E94061B0-CDA3-4A28-A6C6-3EF055490CF3}.Debug|Any CPU.ActiveCfg = Debug|Any CPU
		{E94061B0-CDA3-4A28-A6C6-3EF055490CF3}.Debug|Any CPU.Build.0 = Debug|Any CPU
		{E94061B0-CDA3-4A28-A6C6-3EF055490CF3}.Debug|ARM.ActiveCfg = Debug|Any CPU
		{E94061B0-CDA3-4A28-A6C6-3EF055490CF3}.Debug|Mixed Platforms.ActiveCfg = Debug|Any CPU
		{E94061B0-CDA3-4A28-A6C6-3EF055490CF3}.Debug|Mixed Platforms.Build.0 = Debug|Any CPU
		{E94061B0-CDA3-4A28-A6C6-3EF055490CF3}.Debug|x64.ActiveCfg = Debug|Any CPU
		{E94061B0-CDA3-4A28-A6C6-3EF055490CF3}.Debug|x86.ActiveCfg = Debug|Any CPU
		{E94061B0-CDA3-4A28-A6C6-3EF055490CF3}.DebugILMerge|Any CPU.ActiveCfg = Debug|Any CPU
		{E94061B0-CDA3-4A28-A6C6-3EF055490CF3}.DebugILMerge|Any CPU.Build.0 = Debug|Any CPU
		{E94061B0-CDA3-4A28-A6C6-3EF055490CF3}.DebugILMerge|ARM.ActiveCfg = Debug|Any CPU
		{E94061B0-CDA3-4A28-A6C6-3EF055490CF3}.DebugILMerge|Mixed Platforms.ActiveCfg = Debug|Any CPU
		{E94061B0-CDA3-4A28-A6C6-3EF055490CF3}.DebugILMerge|Mixed Platforms.Build.0 = Debug|Any CPU
		{E94061B0-CDA3-4A28-A6C6-3EF055490CF3}.DebugILMerge|x64.ActiveCfg = Debug|Any CPU
		{E94061B0-CDA3-4A28-A6C6-3EF055490CF3}.DebugILMerge|x86.ActiveCfg = Debug|Any CPU
		{E94061B0-CDA3-4A28-A6C6-3EF055490CF3}.Release|Any CPU.ActiveCfg = Release|Any CPU
		{E94061B0-CDA3-4A28-A6C6-3EF055490CF3}.Release|Any CPU.Build.0 = Release|Any CPU
		{E94061B0-CDA3-4A28-A6C6-3EF055490CF3}.Release|ARM.ActiveCfg = Release|Any CPU
		{E94061B0-CDA3-4A28-A6C6-3EF055490CF3}.Release|Mixed Platforms.ActiveCfg = Release|Any CPU
		{E94061B0-CDA3-4A28-A6C6-3EF055490CF3}.Release|Mixed Platforms.Build.0 = Release|Any CPU
		{E94061B0-CDA3-4A28-A6C6-3EF055490CF3}.Release|x64.ActiveCfg = Release|Any CPU
		{E94061B0-CDA3-4A28-A6C6-3EF055490CF3}.Release|x86.ActiveCfg = Release|Any CPU
		{E94061B0-CDA3-4A28-A6C6-3EF055490CF3}.ReleaseILMerge|Any CPU.ActiveCfg = Release|Any CPU
		{E94061B0-CDA3-4A28-A6C6-3EF055490CF3}.ReleaseILMerge|Any CPU.Build.0 = Release|Any CPU
		{E94061B0-CDA3-4A28-A6C6-3EF055490CF3}.ReleaseILMerge|ARM.ActiveCfg = Release|Any CPU
		{E94061B0-CDA3-4A28-A6C6-3EF055490CF3}.ReleaseILMerge|Mixed Platforms.ActiveCfg = Release|Any CPU
		{E94061B0-CDA3-4A28-A6C6-3EF055490CF3}.ReleaseILMerge|Mixed Platforms.Build.0 = Release|Any CPU
		{E94061B0-CDA3-4A28-A6C6-3EF055490CF3}.ReleaseILMerge|x64.ActiveCfg = Release|Any CPU
		{E94061B0-CDA3-4A28-A6C6-3EF055490CF3}.ReleaseILMerge|x86.ActiveCfg = Release|Any CPU
		{92CB9D5C-00B1-4188-9311-FB40B78FF08E}.Debug|Any CPU.ActiveCfg = Debug|Any CPU
		{92CB9D5C-00B1-4188-9311-FB40B78FF08E}.Debug|Any CPU.Build.0 = Debug|Any CPU
		{92CB9D5C-00B1-4188-9311-FB40B78FF08E}.Debug|Any CPU.Deploy.0 = Debug|Any CPU
		{92CB9D5C-00B1-4188-9311-FB40B78FF08E}.Debug|ARM.ActiveCfg = Debug|ARM
		{92CB9D5C-00B1-4188-9311-FB40B78FF08E}.Debug|ARM.Build.0 = Debug|ARM
		{92CB9D5C-00B1-4188-9311-FB40B78FF08E}.Debug|ARM.Deploy.0 = Debug|ARM
		{92CB9D5C-00B1-4188-9311-FB40B78FF08E}.Debug|Mixed Platforms.ActiveCfg = Debug|x86
		{92CB9D5C-00B1-4188-9311-FB40B78FF08E}.Debug|Mixed Platforms.Build.0 = Debug|x86
		{92CB9D5C-00B1-4188-9311-FB40B78FF08E}.Debug|Mixed Platforms.Deploy.0 = Debug|x86
		{92CB9D5C-00B1-4188-9311-FB40B78FF08E}.Debug|x64.ActiveCfg = Debug|x64
		{92CB9D5C-00B1-4188-9311-FB40B78FF08E}.Debug|x64.Build.0 = Debug|x64
		{92CB9D5C-00B1-4188-9311-FB40B78FF08E}.Debug|x64.Deploy.0 = Debug|x64
		{92CB9D5C-00B1-4188-9311-FB40B78FF08E}.Debug|x86.ActiveCfg = Debug|x86
		{92CB9D5C-00B1-4188-9311-FB40B78FF08E}.Debug|x86.Build.0 = Debug|x86
		{92CB9D5C-00B1-4188-9311-FB40B78FF08E}.Debug|x86.Deploy.0 = Debug|x86
		{92CB9D5C-00B1-4188-9311-FB40B78FF08E}.DebugILMerge|Any CPU.ActiveCfg = Debug|Any CPU
		{92CB9D5C-00B1-4188-9311-FB40B78FF08E}.DebugILMerge|Any CPU.Build.0 = Debug|Any CPU
		{92CB9D5C-00B1-4188-9311-FB40B78FF08E}.DebugILMerge|Any CPU.Deploy.0 = Debug|Any CPU
		{92CB9D5C-00B1-4188-9311-FB40B78FF08E}.DebugILMerge|ARM.ActiveCfg = Debug|ARM
		{92CB9D5C-00B1-4188-9311-FB40B78FF08E}.DebugILMerge|ARM.Build.0 = Debug|ARM
		{92CB9D5C-00B1-4188-9311-FB40B78FF08E}.DebugILMerge|ARM.Deploy.0 = Debug|ARM
		{92CB9D5C-00B1-4188-9311-FB40B78FF08E}.DebugILMerge|Mixed Platforms.ActiveCfg = Debug|x86
		{92CB9D5C-00B1-4188-9311-FB40B78FF08E}.DebugILMerge|Mixed Platforms.Build.0 = Debug|x86
		{92CB9D5C-00B1-4188-9311-FB40B78FF08E}.DebugILMerge|Mixed Platforms.Deploy.0 = Debug|x86
		{92CB9D5C-00B1-4188-9311-FB40B78FF08E}.DebugILMerge|x64.ActiveCfg = Debug|x64
		{92CB9D5C-00B1-4188-9311-FB40B78FF08E}.DebugILMerge|x64.Build.0 = Debug|x64
		{92CB9D5C-00B1-4188-9311-FB40B78FF08E}.DebugILMerge|x64.Deploy.0 = Debug|x64
		{92CB9D5C-00B1-4188-9311-FB40B78FF08E}.DebugILMerge|x86.ActiveCfg = Debug|x86
		{92CB9D5C-00B1-4188-9311-FB40B78FF08E}.DebugILMerge|x86.Build.0 = Debug|x86
		{92CB9D5C-00B1-4188-9311-FB40B78FF08E}.DebugILMerge|x86.Deploy.0 = Debug|x86
		{92CB9D5C-00B1-4188-9311-FB40B78FF08E}.Release|Any CPU.ActiveCfg = Release|Any CPU
		{92CB9D5C-00B1-4188-9311-FB40B78FF08E}.Release|Any CPU.Build.0 = Release|Any CPU
		{92CB9D5C-00B1-4188-9311-FB40B78FF08E}.Release|Any CPU.Deploy.0 = Release|Any CPU
		{92CB9D5C-00B1-4188-9311-FB40B78FF08E}.Release|ARM.ActiveCfg = Release|ARM
		{92CB9D5C-00B1-4188-9311-FB40B78FF08E}.Release|ARM.Build.0 = Release|ARM
		{92CB9D5C-00B1-4188-9311-FB40B78FF08E}.Release|ARM.Deploy.0 = Release|ARM
		{92CB9D5C-00B1-4188-9311-FB40B78FF08E}.Release|Mixed Platforms.ActiveCfg = Release|x86
		{92CB9D5C-00B1-4188-9311-FB40B78FF08E}.Release|Mixed Platforms.Build.0 = Release|x86
		{92CB9D5C-00B1-4188-9311-FB40B78FF08E}.Release|Mixed Platforms.Deploy.0 = Release|x86
		{92CB9D5C-00B1-4188-9311-FB40B78FF08E}.Release|x64.ActiveCfg = Release|x64
		{92CB9D5C-00B1-4188-9311-FB40B78FF08E}.Release|x64.Build.0 = Release|x64
		{92CB9D5C-00B1-4188-9311-FB40B78FF08E}.Release|x64.Deploy.0 = Release|x64
		{92CB9D5C-00B1-4188-9311-FB40B78FF08E}.Release|x86.ActiveCfg = Release|x86
		{92CB9D5C-00B1-4188-9311-FB40B78FF08E}.Release|x86.Build.0 = Release|x86
		{92CB9D5C-00B1-4188-9311-FB40B78FF08E}.Release|x86.Deploy.0 = Release|x86
		{92CB9D5C-00B1-4188-9311-FB40B78FF08E}.ReleaseILMerge|Any CPU.ActiveCfg = Release|Any CPU
		{92CB9D5C-00B1-4188-9311-FB40B78FF08E}.ReleaseILMerge|Any CPU.Build.0 = Release|Any CPU
		{92CB9D5C-00B1-4188-9311-FB40B78FF08E}.ReleaseILMerge|Any CPU.Deploy.0 = Release|Any CPU
		{92CB9D5C-00B1-4188-9311-FB40B78FF08E}.ReleaseILMerge|ARM.ActiveCfg = Release|ARM
		{92CB9D5C-00B1-4188-9311-FB40B78FF08E}.ReleaseILMerge|ARM.Build.0 = Release|ARM
		{92CB9D5C-00B1-4188-9311-FB40B78FF08E}.ReleaseILMerge|ARM.Deploy.0 = Release|ARM
		{92CB9D5C-00B1-4188-9311-FB40B78FF08E}.ReleaseILMerge|Mixed Platforms.ActiveCfg = Release|x86
		{92CB9D5C-00B1-4188-9311-FB40B78FF08E}.ReleaseILMerge|Mixed Platforms.Build.0 = Release|x86
		{92CB9D5C-00B1-4188-9311-FB40B78FF08E}.ReleaseILMerge|Mixed Platforms.Deploy.0 = Release|x86
		{92CB9D5C-00B1-4188-9311-FB40B78FF08E}.ReleaseILMerge|x64.ActiveCfg = Release|x64
		{92CB9D5C-00B1-4188-9311-FB40B78FF08E}.ReleaseILMerge|x64.Build.0 = Release|x64
		{92CB9D5C-00B1-4188-9311-FB40B78FF08E}.ReleaseILMerge|x64.Deploy.0 = Release|x64
		{92CB9D5C-00B1-4188-9311-FB40B78FF08E}.ReleaseILMerge|x86.ActiveCfg = Release|x86
		{92CB9D5C-00B1-4188-9311-FB40B78FF08E}.ReleaseILMerge|x86.Build.0 = Release|x86
		{92CB9D5C-00B1-4188-9311-FB40B78FF08E}.ReleaseILMerge|x86.Deploy.0 = Release|x86
		{11B39FD8-5038-4A3E-A47E-598EB0ED5B0E}.Debug|Any CPU.ActiveCfg = Debug|Any CPU
		{11B39FD8-5038-4A3E-A47E-598EB0ED5B0E}.Debug|Any CPU.Build.0 = Debug|Any CPU
		{11B39FD8-5038-4A3E-A47E-598EB0ED5B0E}.Debug|ARM.ActiveCfg = Debug|Any CPU
		{11B39FD8-5038-4A3E-A47E-598EB0ED5B0E}.Debug|Mixed Platforms.ActiveCfg = Debug|Any CPU
		{11B39FD8-5038-4A3E-A47E-598EB0ED5B0E}.Debug|Mixed Platforms.Build.0 = Debug|Any CPU
		{11B39FD8-5038-4A3E-A47E-598EB0ED5B0E}.Debug|x64.ActiveCfg = Debug|Any CPU
		{11B39FD8-5038-4A3E-A47E-598EB0ED5B0E}.Debug|x86.ActiveCfg = Debug|Any CPU
		{11B39FD8-5038-4A3E-A47E-598EB0ED5B0E}.DebugILMerge|Any CPU.ActiveCfg = Debug|Any CPU
		{11B39FD8-5038-4A3E-A47E-598EB0ED5B0E}.DebugILMerge|Any CPU.Build.0 = Debug|Any CPU
		{11B39FD8-5038-4A3E-A47E-598EB0ED5B0E}.DebugILMerge|ARM.ActiveCfg = Debug|Any CPU
		{11B39FD8-5038-4A3E-A47E-598EB0ED5B0E}.DebugILMerge|Mixed Platforms.ActiveCfg = Debug|Any CPU
		{11B39FD8-5038-4A3E-A47E-598EB0ED5B0E}.DebugILMerge|Mixed Platforms.Build.0 = Debug|Any CPU
		{11B39FD8-5038-4A3E-A47E-598EB0ED5B0E}.DebugILMerge|x64.ActiveCfg = Debug|Any CPU
		{11B39FD8-5038-4A3E-A47E-598EB0ED5B0E}.DebugILMerge|x86.ActiveCfg = Debug|Any CPU
		{11B39FD8-5038-4A3E-A47E-598EB0ED5B0E}.Release|Any CPU.ActiveCfg = Release|Any CPU
		{11B39FD8-5038-4A3E-A47E-598EB0ED5B0E}.Release|Any CPU.Build.0 = Release|Any CPU
		{11B39FD8-5038-4A3E-A47E-598EB0ED5B0E}.Release|ARM.ActiveCfg = Release|Any CPU
		{11B39FD8-5038-4A3E-A47E-598EB0ED5B0E}.Release|Mixed Platforms.ActiveCfg = Release|Any CPU
		{11B39FD8-5038-4A3E-A47E-598EB0ED5B0E}.Release|Mixed Platforms.Build.0 = Release|Any CPU
		{11B39FD8-5038-4A3E-A47E-598EB0ED5B0E}.Release|x64.ActiveCfg = Release|Any CPU
		{11B39FD8-5038-4A3E-A47E-598EB0ED5B0E}.Release|x86.ActiveCfg = Release|Any CPU
		{11B39FD8-5038-4A3E-A47E-598EB0ED5B0E}.ReleaseILMerge|Any CPU.ActiveCfg = Release|Any CPU
		{11B39FD8-5038-4A3E-A47E-598EB0ED5B0E}.ReleaseILMerge|Any CPU.Build.0 = Release|Any CPU
		{11B39FD8-5038-4A3E-A47E-598EB0ED5B0E}.ReleaseILMerge|ARM.ActiveCfg = Release|Any CPU
		{11B39FD8-5038-4A3E-A47E-598EB0ED5B0E}.ReleaseILMerge|Mixed Platforms.ActiveCfg = Release|Any CPU
		{11B39FD8-5038-4A3E-A47E-598EB0ED5B0E}.ReleaseILMerge|Mixed Platforms.Build.0 = Release|Any CPU
		{11B39FD8-5038-4A3E-A47E-598EB0ED5B0E}.ReleaseILMerge|x64.ActiveCfg = Release|Any CPU
		{11B39FD8-5038-4A3E-A47E-598EB0ED5B0E}.ReleaseILMerge|x86.ActiveCfg = Release|Any CPU
		{AA08EBE4-5B1D-416A-B01C-BE75B1ECD6F0}.Debug|Any CPU.ActiveCfg = Debug|Any CPU
		{AA08EBE4-5B1D-416A-B01C-BE75B1ECD6F0}.Debug|Any CPU.Build.0 = Debug|Any CPU
		{AA08EBE4-5B1D-416A-B01C-BE75B1ECD6F0}.Debug|Any CPU.Deploy.0 = Debug|Any CPU
		{AA08EBE4-5B1D-416A-B01C-BE75B1ECD6F0}.Debug|ARM.ActiveCfg = Debug|ARM
		{AA08EBE4-5B1D-416A-B01C-BE75B1ECD6F0}.Debug|ARM.Build.0 = Debug|ARM
		{AA08EBE4-5B1D-416A-B01C-BE75B1ECD6F0}.Debug|ARM.Deploy.0 = Debug|ARM
		{AA08EBE4-5B1D-416A-B01C-BE75B1ECD6F0}.Debug|Mixed Platforms.ActiveCfg = Debug|x86
		{AA08EBE4-5B1D-416A-B01C-BE75B1ECD6F0}.Debug|Mixed Platforms.Build.0 = Debug|x86
		{AA08EBE4-5B1D-416A-B01C-BE75B1ECD6F0}.Debug|Mixed Platforms.Deploy.0 = Debug|x86
		{AA08EBE4-5B1D-416A-B01C-BE75B1ECD6F0}.Debug|x64.ActiveCfg = Debug|x64
		{AA08EBE4-5B1D-416A-B01C-BE75B1ECD6F0}.Debug|x64.Build.0 = Debug|x64
		{AA08EBE4-5B1D-416A-B01C-BE75B1ECD6F0}.Debug|x64.Deploy.0 = Debug|x64
		{AA08EBE4-5B1D-416A-B01C-BE75B1ECD6F0}.Debug|x86.ActiveCfg = Debug|x86
		{AA08EBE4-5B1D-416A-B01C-BE75B1ECD6F0}.Debug|x86.Build.0 = Debug|x86
		{AA08EBE4-5B1D-416A-B01C-BE75B1ECD6F0}.Debug|x86.Deploy.0 = Debug|x86
		{AA08EBE4-5B1D-416A-B01C-BE75B1ECD6F0}.DebugILMerge|Any CPU.ActiveCfg = Debug|Any CPU
		{AA08EBE4-5B1D-416A-B01C-BE75B1ECD6F0}.DebugILMerge|Any CPU.Build.0 = Debug|Any CPU
		{AA08EBE4-5B1D-416A-B01C-BE75B1ECD6F0}.DebugILMerge|Any CPU.Deploy.0 = Debug|Any CPU
		{AA08EBE4-5B1D-416A-B01C-BE75B1ECD6F0}.DebugILMerge|ARM.ActiveCfg = Debug|ARM
		{AA08EBE4-5B1D-416A-B01C-BE75B1ECD6F0}.DebugILMerge|ARM.Build.0 = Debug|ARM
		{AA08EBE4-5B1D-416A-B01C-BE75B1ECD6F0}.DebugILMerge|ARM.Deploy.0 = Debug|ARM
		{AA08EBE4-5B1D-416A-B01C-BE75B1ECD6F0}.DebugILMerge|Mixed Platforms.ActiveCfg = Debug|x86
		{AA08EBE4-5B1D-416A-B01C-BE75B1ECD6F0}.DebugILMerge|Mixed Platforms.Build.0 = Debug|x86
		{AA08EBE4-5B1D-416A-B01C-BE75B1ECD6F0}.DebugILMerge|Mixed Platforms.Deploy.0 = Debug|x86
		{AA08EBE4-5B1D-416A-B01C-BE75B1ECD6F0}.DebugILMerge|x64.ActiveCfg = Debug|x64
		{AA08EBE4-5B1D-416A-B01C-BE75B1ECD6F0}.DebugILMerge|x64.Build.0 = Debug|x64
		{AA08EBE4-5B1D-416A-B01C-BE75B1ECD6F0}.DebugILMerge|x64.Deploy.0 = Debug|x64
		{AA08EBE4-5B1D-416A-B01C-BE75B1ECD6F0}.DebugILMerge|x86.ActiveCfg = Debug|x86
		{AA08EBE4-5B1D-416A-B01C-BE75B1ECD6F0}.DebugILMerge|x86.Build.0 = Debug|x86
		{AA08EBE4-5B1D-416A-B01C-BE75B1ECD6F0}.DebugILMerge|x86.Deploy.0 = Debug|x86
		{AA08EBE4-5B1D-416A-B01C-BE75B1ECD6F0}.Release|Any CPU.ActiveCfg = Release|Any CPU
		{AA08EBE4-5B1D-416A-B01C-BE75B1ECD6F0}.Release|Any CPU.Build.0 = Release|Any CPU
		{AA08EBE4-5B1D-416A-B01C-BE75B1ECD6F0}.Release|Any CPU.Deploy.0 = Release|Any CPU
		{AA08EBE4-5B1D-416A-B01C-BE75B1ECD6F0}.Release|ARM.ActiveCfg = Release|ARM
		{AA08EBE4-5B1D-416A-B01C-BE75B1ECD6F0}.Release|ARM.Build.0 = Release|ARM
		{AA08EBE4-5B1D-416A-B01C-BE75B1ECD6F0}.Release|ARM.Deploy.0 = Release|ARM
		{AA08EBE4-5B1D-416A-B01C-BE75B1ECD6F0}.Release|Mixed Platforms.ActiveCfg = Release|x86
		{AA08EBE4-5B1D-416A-B01C-BE75B1ECD6F0}.Release|Mixed Platforms.Build.0 = Release|x86
		{AA08EBE4-5B1D-416A-B01C-BE75B1ECD6F0}.Release|Mixed Platforms.Deploy.0 = Release|x86
		{AA08EBE4-5B1D-416A-B01C-BE75B1ECD6F0}.Release|x64.ActiveCfg = Release|x64
		{AA08EBE4-5B1D-416A-B01C-BE75B1ECD6F0}.Release|x64.Build.0 = Release|x64
		{AA08EBE4-5B1D-416A-B01C-BE75B1ECD6F0}.Release|x64.Deploy.0 = Release|x64
		{AA08EBE4-5B1D-416A-B01C-BE75B1ECD6F0}.Release|x86.ActiveCfg = Release|x86
		{AA08EBE4-5B1D-416A-B01C-BE75B1ECD6F0}.Release|x86.Build.0 = Release|x86
		{AA08EBE4-5B1D-416A-B01C-BE75B1ECD6F0}.Release|x86.Deploy.0 = Release|x86
		{AA08EBE4-5B1D-416A-B01C-BE75B1ECD6F0}.ReleaseILMerge|Any CPU.ActiveCfg = Release|Any CPU
		{AA08EBE4-5B1D-416A-B01C-BE75B1ECD6F0}.ReleaseILMerge|Any CPU.Build.0 = Release|Any CPU
		{AA08EBE4-5B1D-416A-B01C-BE75B1ECD6F0}.ReleaseILMerge|Any CPU.Deploy.0 = Release|Any CPU
		{AA08EBE4-5B1D-416A-B01C-BE75B1ECD6F0}.ReleaseILMerge|ARM.ActiveCfg = Release|ARM
		{AA08EBE4-5B1D-416A-B01C-BE75B1ECD6F0}.ReleaseILMerge|ARM.Build.0 = Release|ARM
		{AA08EBE4-5B1D-416A-B01C-BE75B1ECD6F0}.ReleaseILMerge|ARM.Deploy.0 = Release|ARM
		{AA08EBE4-5B1D-416A-B01C-BE75B1ECD6F0}.ReleaseILMerge|Mixed Platforms.ActiveCfg = Release|x86
		{AA08EBE4-5B1D-416A-B01C-BE75B1ECD6F0}.ReleaseILMerge|Mixed Platforms.Build.0 = Release|x86
		{AA08EBE4-5B1D-416A-B01C-BE75B1ECD6F0}.ReleaseILMerge|Mixed Platforms.Deploy.0 = Release|x86
		{AA08EBE4-5B1D-416A-B01C-BE75B1ECD6F0}.ReleaseILMerge|x64.ActiveCfg = Release|x64
		{AA08EBE4-5B1D-416A-B01C-BE75B1ECD6F0}.ReleaseILMerge|x64.Build.0 = Release|x64
		{AA08EBE4-5B1D-416A-B01C-BE75B1ECD6F0}.ReleaseILMerge|x64.Deploy.0 = Release|x64
		{AA08EBE4-5B1D-416A-B01C-BE75B1ECD6F0}.ReleaseILMerge|x86.ActiveCfg = Release|x86
		{AA08EBE4-5B1D-416A-B01C-BE75B1ECD6F0}.ReleaseILMerge|x86.Build.0 = Release|x86
		{AA08EBE4-5B1D-416A-B01C-BE75B1ECD6F0}.ReleaseILMerge|x86.Deploy.0 = Release|x86
		{5F3AEDB9-E7A0-42C5-AFB4-E88B6977B4C8}.Debug|Any CPU.ActiveCfg = Debug|Any CPU
		{5F3AEDB9-E7A0-42C5-AFB4-E88B6977B4C8}.Debug|Any CPU.Build.0 = Debug|Any CPU
		{5F3AEDB9-E7A0-42C5-AFB4-E88B6977B4C8}.Debug|ARM.ActiveCfg = Debug|Any CPU
		{5F3AEDB9-E7A0-42C5-AFB4-E88B6977B4C8}.Debug|Mixed Platforms.ActiveCfg = Debug|Any CPU
		{5F3AEDB9-E7A0-42C5-AFB4-E88B6977B4C8}.Debug|Mixed Platforms.Build.0 = Debug|Any CPU
		{5F3AEDB9-E7A0-42C5-AFB4-E88B6977B4C8}.Debug|x64.ActiveCfg = Debug|Any CPU
		{5F3AEDB9-E7A0-42C5-AFB4-E88B6977B4C8}.Debug|x86.ActiveCfg = Debug|Any CPU
		{5F3AEDB9-E7A0-42C5-AFB4-E88B6977B4C8}.DebugILMerge|Any CPU.ActiveCfg = Debug|Any CPU
		{5F3AEDB9-E7A0-42C5-AFB4-E88B6977B4C8}.DebugILMerge|Any CPU.Build.0 = Debug|Any CPU
		{5F3AEDB9-E7A0-42C5-AFB4-E88B6977B4C8}.DebugILMerge|ARM.ActiveCfg = Debug|Any CPU
		{5F3AEDB9-E7A0-42C5-AFB4-E88B6977B4C8}.DebugILMerge|Mixed Platforms.ActiveCfg = Debug|Any CPU
		{5F3AEDB9-E7A0-42C5-AFB4-E88B6977B4C8}.DebugILMerge|Mixed Platforms.Build.0 = Debug|Any CPU
		{5F3AEDB9-E7A0-42C5-AFB4-E88B6977B4C8}.DebugILMerge|x64.ActiveCfg = Debug|Any CPU
		{5F3AEDB9-E7A0-42C5-AFB4-E88B6977B4C8}.DebugILMerge|x86.ActiveCfg = Debug|Any CPU
		{5F3AEDB9-E7A0-42C5-AFB4-E88B6977B4C8}.Release|Any CPU.ActiveCfg = Release|Any CPU
		{5F3AEDB9-E7A0-42C5-AFB4-E88B6977B4C8}.Release|Any CPU.Build.0 = Release|Any CPU
		{5F3AEDB9-E7A0-42C5-AFB4-E88B6977B4C8}.Release|ARM.ActiveCfg = Release|Any CPU
		{5F3AEDB9-E7A0-42C5-AFB4-E88B6977B4C8}.Release|Mixed Platforms.ActiveCfg = Release|Any CPU
		{5F3AEDB9-E7A0-42C5-AFB4-E88B6977B4C8}.Release|Mixed Platforms.Build.0 = Release|Any CPU
		{5F3AEDB9-E7A0-42C5-AFB4-E88B6977B4C8}.Release|x64.ActiveCfg = Release|Any CPU
		{5F3AEDB9-E7A0-42C5-AFB4-E88B6977B4C8}.Release|x86.ActiveCfg = Release|Any CPU
		{5F3AEDB9-E7A0-42C5-AFB4-E88B6977B4C8}.ReleaseILMerge|Any CPU.ActiveCfg = Release|Any CPU
		{5F3AEDB9-E7A0-42C5-AFB4-E88B6977B4C8}.ReleaseILMerge|Any CPU.Build.0 = Release|Any CPU
		{5F3AEDB9-E7A0-42C5-AFB4-E88B6977B4C8}.ReleaseILMerge|ARM.ActiveCfg = Release|Any CPU
		{5F3AEDB9-E7A0-42C5-AFB4-E88B6977B4C8}.ReleaseILMerge|Mixed Platforms.ActiveCfg = Release|Any CPU
		{5F3AEDB9-E7A0-42C5-AFB4-E88B6977B4C8}.ReleaseILMerge|Mixed Platforms.Build.0 = Release|Any CPU
		{5F3AEDB9-E7A0-42C5-AFB4-E88B6977B4C8}.ReleaseILMerge|x64.ActiveCfg = Release|Any CPU
		{5F3AEDB9-E7A0-42C5-AFB4-E88B6977B4C8}.ReleaseILMerge|x86.ActiveCfg = Release|Any CPU
	EndGlobalSection
	GlobalSection(SolutionProperties) = preSolution
		HideSolutionNode = FALSE
	EndGlobalSection
	GlobalSection(MonoDevelopProperties) = preSolution
		StartupItem = SuperWebSocket\SuperWebSocket.csproj
	EndGlobalSection
EndGlobal
